
Microsoft Visual Studio Solution File, Format Version 12.00
# Visual Studio Version 17
VisualStudioVersion = 17.5.33516.290
MinimumVisualStudioVersion = 10.0.40219.1
Project("{8BC9CEB8-8B4A-11D0-8D11-00A0C91BC942}") = "异步日志系统", "异步日志系统.vcxproj", "{F27DD20B-CA21-49DB-8961-B7022351618B}"
EndProject
Global
	GlobalSection(SolutionConfigurationPlatforms) = preSolution
		Debug|x64 = Debug|x64
		Debug|x86 = Debug|x86
		Release|x64 = Release|x64
		Release|x86 = Release|x86
	EndGlobalSection
	GlobalSection(ProjectConfigurationPlatforms) = postSolution
		{F27DD20B-CA21-49DB-8961-B7022351618B}.Debug|x64.ActiveCfg = Debug|x64
		{F27DD20B-CA21-49DB-8961-B7022351618B}.Debug|x64.Build.0 = Debug|x64
		{F27DD20B-CA21-49DB-8961-B7022351618B}.Debug|x86.ActiveCfg = Debug|Win32
		{F27DD20B-CA21-49DB-8961-B7022351618B}.Debug|x86.Build.0 = Debug|Win32
		{F27DD20B-CA21-49DB-8961-B7022351618B}.Release|x64.ActiveCfg = Release|x64
		{F27DD20B-CA21-49DB-8961-B7022351618B}.Release|x64.Build.0 = Release|x64
		{F27DD20B-CA21-49DB-8961-B7022351618B}.Release|x86.ActiveCfg = Release|Win32
		{F27DD20B-CA21-49DB-8961-B7022351618B}.Release|x86.Build.0 = Release|Win32
	EndGlobalSection
	GlobalSection(SolutionProperties) = preSolution
		HideSolutionNode = FALSE
	EndGlobalSection
	GlobalSection(ExtensibilityGlobals) = postSolution
		SolutionGuid = {98C9F522-574F-4059-BCB4-E12487E4157E}
	EndGlobalSection
EndGlobal
